<Solution>
  <Project Path="Ejercicio1/Ejercicio1.csproj" Id="def80650-648f-444c-ab02-b05ca58890ba" />
  <Project Path="Ejercicio2/Ejercicio2.csproj" Id="0be3d042-f072-4b69-af6a-568b8c8f1548" />
  <Project Path="Ejercicio3/Ejercicio3.csproj" Id="664a55d6-f7da-4f2c-bc1a-3550fc81e131" />
  <Project Path="Ejercicio4/Ejercicio4.csproj" Id="99583640-7565-4f86-9237-124b8f006326" />
  <Project Path="Ejercicio5/Ejercicio5.csproj" Id="0712b476-4b77-42f8-8c26-54c714e03444" />
  <Project Path="Ejercicio6/Ejercicio6.csproj" Id="742225d3-3c79-48e4-b85f-3835c39c571f" />
  <Project Path="Ejercicio7/Ejercicio7.csproj" Id="ce1d2c8d-f441-45b1-a885-89abc721c2e4" />
  <Project Path="Ejercicio8/Ejercicio8.csproj" Id="4b3c0a54-57c9-4256-9228-efaaa452bbf3" />
  <Project Path="Ejercicio9/Ejercicio9.csproj" Id="691afa23-f104-48c1-9cc4-c16dfd442223" />
  <Project Path="Ejercicioo_14/Ejercicio_14.csproj" Id="399206ea-a4a5-4568-bff9-fdffd3a6cc74" />
  <Project Path="Ejercicio_10/Ejercicio_10.csproj" Id="51f62870-d921-4066-bf9d-515536e11a07" />
  <Project Path="Ejercicio_11/Ejercicio_11.csproj" Id="652d7f74-e276-4945-9151-1700dc0e29ac" />
  <Project Path="Ejercicio_12/Ejercicio_12.csproj" Id="bac1b081-0425-412c-a8c5-9420553489d8" />
  <Project Path="Ejercicio_13/Ejercicio_13.csproj" Id="52a65111-8acf-44a6-9d9f-1017bb87ab8a" />
  <Project Path="Ejercicio_15/Ejercicio_15.csproj" Id="2b533a55-898a-4241-841a-bab5ab2f7d29" />
  <Project Path="Ejercicio_16/Ejercicio_16.csproj" Id="0f939bc8-e385-4c92-948c-070b1971ee03" />
  <Project Path="Ejercicio_17/Ejercicio_17.csproj" Id="10cd047e-2ce0-4660-a582-775bc4d9fb3d" />
  <Project Path="Ejercicio_18/Ejercicio_18.csproj" Id="23330816-63ef-4a93-b29e-0bd10258ef5c" />
</Solution>
